
Microsoft Visual Studio Solution File, Format Version 12.00
# Visual Studio Version 16
VisualStudioVersion = 16.0.31320.298
MinimumVisualStudioVersion = 10.0.40219.1
Project("{FAE04EC0-301F-11D3-BF4B-00C04F79EFBC}") = "DotNetCearaTerceiroMeetup", "DotNetCearaTerceiroMeetup\DotNetCearaTerceiroMeetup.csproj", "{C7485F58-D85A-4478-9991-31CCFF33BF07}"
EndProject
Project("{FAE04EC0-301F-11D3-BF4B-00C04F79EFBC}") = "News", "News\News.csproj", "{64486C43-6187-4D3B-938C-C19509EEF1F8}"
EndProject
Global
	GlobalSection(SolutionConfigurationPlatforms) = preSolution
		Debug|Any CPU = Debug|Any CPU
		Release|Any CPU = Release|Any CPU
	EndGlobalSection
	GlobalSection(ProjectConfigurationPlatforms) = postSolution
		{C7485F58-D85A-4478-9991-31CCFF33BF07}.Debug|Any CPU.ActiveCfg = Debug|Any CPU
		{C7485F58-D85A-4478-9991-31CCFF33BF07}.Debug|Any CPU.Build.0 = Debug|Any CPU
		{C7485F58-D85A-4478-9991-31CCFF33BF07}.Release|Any CPU.ActiveCfg = Release|Any CPU
		{C7485F58-D85A-4478-9991-31CCFF33BF07}.Release|Any CPU.Build.0 = Release|Any CPU
		{64486C43-6187-4D3B-938C-C19509EEF1F8}.Debug|Any CPU.ActiveCfg = Debug|Any CPU
		{64486C43-6187-4D3B-938C-C19509EEF1F8}.Debug|Any CPU.Build.0 = Debug|Any CPU
		{64486C43-6187-4D3B-938C-C19509EEF1F8}.Release|Any CPU.ActiveCfg = Release|Any CPU
		{64486C43-6187-4D3B-938C-C19509EEF1F8}.Release|Any CPU.Build.0 = Release|Any CPU
	EndGlobalSection
	GlobalSection(SolutionProperties) = preSolution
		HideSolutionNode = FALSE
	EndGlobalSection
	GlobalSection(ExtensibilityGlobals) = postSolution
		SolutionGuid = {291FD198-1A95-464A-B08F-F4322FFBE340}
	EndGlobalSection
EndGlobal
